// !$*UTF8*$!
{
	archiveVersion = 1;
	classes = {
	};
	objectVersion = 56;
	objects = {

/* Begin PBXBuildFile section */
		061053E62AC856BE005E4679 /* EndPointEnum.swift in Sources */ = {isa = PBXBuildFile; fileRef = 061053E52AC856BE005E4679 /* EndPointEnum.swift */; };
		064F7F832ABBC23100534689 /* HomeViewController+Router.swift in Sources */ = {isa = PBXBuildFile; fileRef = 064F7F822ABBC23100534689 /* HomeViewController+Router.swift */; };
		06BB7AA72AB91F9A003C13FF /* BlogTableViewCell.swift in Sources */ = {isa = PBXBuildFile; fileRef = 06BB7AA62AB91F9A003C13FF /* BlogTableViewCell.swift */; };
		06BB7AAB2AB9C9D3003C13FF /* UIViewControllerExtension.swift in Sources */ = {isa = PBXBuildFile; fileRef = 06BB7AAA2AB9C9D3003C13FF /* UIViewControllerExtension.swift */; };
		06C756182AB88B3D005377BF /* AppDelegate.swift in Sources */ = {isa = PBXBuildFile; fileRef = 06C756172AB88B3D005377BF /* AppDelegate.swift */; };
		06C7561A2AB88B3D005377BF /* SceneDelegate.swift in Sources */ = {isa = PBXBuildFile; fileRef = 06C756192AB88B3D005377BF /* SceneDelegate.swift */; };
		06C7561F2AB88B3D005377BF /* Main.storyboard in Resources */ = {isa = PBXBuildFile; fileRef = 06C7561D2AB88B3D005377BF /* Main.storyboard */; };
		06C756212AB88B41005377BF /* Assets.xcassets in Resources */ = {isa = PBXBuildFile; fileRef = 06C756202AB88B41005377BF /* Assets.xcassets */; };
		06C756242AB88B41005377BF /* LaunchScreen.storyboard in Resources */ = {isa = PBXBuildFile; fileRef = 06C756222AB88B41005377BF /* LaunchScreen.storyboard */; };
		06C7562F2AB89B3A005377BF /* APIService.swift in Sources */ = {isa = PBXBuildFile; fileRef = 06C7562E2AB89B3A005377BF /* APIService.swift */; };
		06C756322AB89B4D005377BF /* Blog.swift in Sources */ = {isa = PBXBuildFile; fileRef = 06C756312AB89B4D005377BF /* Blog.swift */; };
		06C756352AB89B72005377BF /* HomeViewController.swift in Sources */ = {isa = PBXBuildFile; fileRef = 06C756342AB89B72005377BF /* HomeViewController.swift */; };
		06C756382AB89B84005377BF /* CreateBlogViewController.swift in Sources */ = {isa = PBXBuildFile; fileRef = 06C756372AB89B84005377BF /* CreateBlogViewController.swift */; };
		06C7563B2AB89BA4005377BF /* HomeViewController+TableView.swift in Sources */ = {isa = PBXBuildFile; fileRef = 06C7563A2AB89BA4005377BF /* HomeViewController+TableView.swift */; };
		06C7563E2AB89BC4005377BF /* CreateBlogViewController+TextField.swift in Sources */ = {isa = PBXBuildFile; fileRef = 06C7563D2AB89BC4005377BF /* CreateBlogViewController+TextField.swift */; };
		FA1C2FA3BD2BAE3529B95C96 /* Pods_blogger2_0.framework in Frameworks */ = {isa = PBXBuildFile; fileRef = A85930CA6F6CA2107B1EBF27 /* Pods_blogger2_0.framework */; };
/* End PBXBuildFile section */

/* Begin PBXFileReference section */
		061053E52AC856BE005E4679 /* EndPointEnum.swift */ = {isa = PBXFileReference; lastKnownFileType = sourcecode.swift; path = EndPointEnum.swift; sourceTree = "<group>"; };
		064F7F822ABBC23100534689 /* HomeViewController+Router.swift */ = {isa = PBXFileReference; lastKnownFileType = sourcecode.swift; path = "HomeViewController+Router.swift"; sourceTree = "<group>"; };
		06BB7AA62AB91F9A003C13FF /* BlogTableViewCell.swift */ = {isa = PBXFileReference; lastKnownFileType = sourcecode.swift; path = BlogTableViewCell.swift; sourceTree = "<group>"; };
		06BB7AAA2AB9C9D3003C13FF /* UIViewControllerExtension.swift */ = {isa = PBXFileReference; lastKnownFileType = sourcecode.swift; path = UIViewControllerExtension.swift; sourceTree = "<group>"; };
		06C756142AB88B3D005377BF /* blogger2.0.app */ = {isa = PBXFileReference; explicitFileType = wrapper.application; includeInIndex = 0; path = blogger2.0.app; sourceTree = BUILT_PRODUCTS_DIR; };
		06C756172AB88B3D005377BF /* AppDelegate.swift */ = {isa = PBXFileReference; lastKnownFileType = sourcecode.swift; path = AppDelegate.swift; sourceTree = "<group>"; };
		06C756192AB88B3D005377BF /* SceneDelegate.swift */ = {isa = PBXFileReference; lastKnownFileType = sourcecode.swift; path = SceneDelegate.swift; sourceTree = "<group>"; };
		06C7561E2AB88B3D005377BF /* Base */ = {isa = PBXFileReference; lastKnownFileType = file.storyboard; name = Base; path = Base.lproj/Main.storyboard; sourceTree = "<group>"; };
		06C756202AB88B41005377BF /* Assets.xcassets */ = {isa = PBXFileReference; lastKnownFileType = folder.assetcatalog; path = Assets.xcassets; sourceTree = "<group>"; };
		06C756232AB88B41005377BF /* Base */ = {isa = PBXFileReference; lastKnownFileType = file.storyboard; name = Base; path = Base.lproj/LaunchScreen.storyboard; sourceTree = "<group>"; };
		06C756252AB88B41005377BF /* Info.plist */ = {isa = PBXFileReference; lastKnownFileType = text.plist.xml; path = Info.plist; sourceTree = "<group>"; };
		06C7562E2AB89B3A005377BF /* APIService.swift */ = {isa = PBXFileReference; lastKnownFileType = sourcecode.swift; path = APIService.swift; sourceTree = "<group>"; };
		06C756312AB89B4D005377BF /* Blog.swift */ = {isa = PBXFileReference; lastKnownFileType = sourcecode.swift; path = Blog.swift; sourceTree = "<group>"; };
		06C756342AB89B72005377BF /* HomeViewController.swift */ = {isa = PBXFileReference; lastKnownFileType = sourcecode.swift; path = HomeViewController.swift; sourceTree = "<group>"; };
		06C756372AB89B84005377BF /* CreateBlogViewController.swift */ = {isa = PBXFileReference; lastKnownFileType = sourcecode.swift; path = CreateBlogViewController.swift; sourceTree = "<group>"; };
		06C7563A2AB89BA4005377BF /* HomeViewController+TableView.swift */ = {isa = PBXFileReference; lastKnownFileType = sourcecode.swift; path = "HomeViewController+TableView.swift"; sourceTree = "<group>"; };
		06C7563D2AB89BC4005377BF /* CreateBlogViewController+TextField.swift */ = {isa = PBXFileReference; lastKnownFileType = sourcecode.swift; path = "CreateBlogViewController+TextField.swift"; sourceTree = "<group>"; };
		4209A4578255835353C7B725 /* Pods-blogger2.0.release.xcconfig */ = {isa = PBXFileReference; includeInIndex = 1; lastKnownFileType = text.xcconfig; name = "Pods-blogger2.0.release.xcconfig"; path = "Target Support Files/Pods-blogger2.0/Pods-blogger2.0.release.xcconfig"; sourceTree = "<group>"; };
		512478D4AC2408235ABEA909 /* Pods-blogger2.0.debug.xcconfig */ = {isa = PBXFileReference; includeInIndex = 1; lastKnownFileType = text.xcconfig; name = "Pods-blogger2.0.debug.xcconfig"; path = "Target Support Files/Pods-blogger2.0/Pods-blogger2.0.debug.xcconfig"; sourceTree = "<group>"; };
		A85930CA6F6CA2107B1EBF27 /* Pods_blogger2_0.framework */ = {isa = PBXFileReference; explicitFileType = wrapper.framework; includeInIndex = 0; path = Pods_blogger2_0.framework; sourceTree = BUILT_PRODUCTS_DIR; };
/* End PBXFileReference section */

/* Begin PBXFrameworksBuildPhase section */
		06C756112AB88B3D005377BF /* Frameworks */ = {
			isa = PBXFrameworksBuildPhase;
			buildActionMask = 2147483647;
			files = (
				FA1C2FA3BD2BAE3529B95C96 /* Pods_blogger2_0.framework in Frameworks */,
			);
			runOnlyForDeploymentPostprocessing = 0;
		};
/* End PBXFrameworksBuildPhase section */

/* Begin PBXGroup section */
		06BB7AA82AB9233E003C13FF /* Enum */ = {
			isa = PBXGroup;
			children = (
				061053E52AC856BE005E4679 /* EndPointEnum.swift */,
			);
			path = Enum;
			sourceTree = "<group>";
		};
		06BB7AA92AB9C9A5003C13FF /* Extension */ = {
			isa = PBXGroup;
			children = (
				06BB7AAA2AB9C9D3003C13FF /* UIViewControllerExtension.swift */,
			);
			path = Extension;
			sourceTree = "<group>";
		};
		06C7560B2AB88B3D005377BF = {
			isa = PBXGroup;
			children = (
				06C756162AB88B3D005377BF /* blogger2.0 */,
				06C756152AB88B3D005377BF /* Products */,
				C30045A7033A28EC37CF0853 /* Pods */,
				CD1C07C4E1A5A77B2DA1CD59 /* Frameworks */,
			);
			sourceTree = "<group>";
		};
		06C756152AB88B3D005377BF /* Products */ = {
			isa = PBXGroup;
			children = (
				06C756142AB88B3D005377BF /* blogger2.0.app */,
			);
			name = Products;
			sourceTree = "<group>";
		};
		06C756162AB88B3D005377BF /* blogger2.0 */ = {
			isa = PBXGroup;
			children = (
				06BB7AA92AB9C9A5003C13FF /* Extension */,
				06BB7AA82AB9233E003C13FF /* Enum */,
				06C7562D2AB89B2B005377BF /* Services */,
				06C7562C2AB89B26005377BF /* Models */,
				06C7562B2AB89B21005377BF /* Controllers */,
				06C756172AB88B3D005377BF /* AppDelegate.swift */,
				06C756192AB88B3D005377BF /* SceneDelegate.swift */,
				06C7561D2AB88B3D005377BF /* Main.storyboard */,
				06C756202AB88B41005377BF /* Assets.xcassets */,
				06C756222AB88B41005377BF /* LaunchScreen.storyboard */,
				06C756252AB88B41005377BF /* Info.plist */,
			);
			path = blogger2.0;
			sourceTree = "<group>";
		};
		06C7562B2AB89B21005377BF /* Controllers */ = {
			isa = PBXGroup;
			children = (
				06C7563C2AB89BAD005377BF /* CreateBlog */,
				06C756392AB89B8E005377BF /* Home */,
			);
			path = Controllers;
			sourceTree = "<group>";
		};
		06C7562C2AB89B26005377BF /* Models */ = {
			isa = PBXGroup;
			children = (
				06C756312AB89B4D005377BF /* Blog.swift */,
			);
			path = Models;
			sourceTree = "<group>";
		};
		06C7562D2AB89B2B005377BF /* Services */ = {
			isa = PBXGroup;
			children = (
				06C7562E2AB89B3A005377BF /* APIService.swift */,
			);
			path = Services;
			sourceTree = "<group>";
		};
		06C756392AB89B8E005377BF /* Home */ = {
			isa = PBXGroup;
			children = (
				06C756342AB89B72005377BF /* HomeViewController.swift */,
				06C7563A2AB89BA4005377BF /* HomeViewController+TableView.swift */,
				06BB7AA62AB91F9A003C13FF /* BlogTableViewCell.swift */,
				064F7F822ABBC23100534689 /* HomeViewController+Router.swift */,
			);
			path = Home;
			sourceTree = "<group>";
		};
		06C7563C2AB89BAD005377BF /* CreateBlog */ = {
			isa = PBXGroup;
			children = (
				06C756372AB89B84005377BF /* CreateBlogViewController.swift */,
				06C7563D2AB89BC4005377BF /* CreateBlogViewController+TextField.swift */,
			);
			path = CreateBlog;
			sourceTree = "<group>";
		};
		C30045A7033A28EC37CF0853 /* Pods */ = {
			isa = PBXGroup;
			children = (
				512478D4AC2408235ABEA909 /* Pods-blogger2.0.debug.xcconfig */,
				4209A4578255835353C7B725 /* Pods-blogger2.0.release.xcconfig */,
			);
			path = Pods;
			sourceTree = "<group>";
		};
		CD1C07C4E1A5A77B2DA1CD59 /* Frameworks */ = {
			isa = PBXGroup;
			children = (
				A85930CA6F6CA2107B1EBF27 /* Pods_blogger2_0.framework */,
			);
			name = Frameworks;
			sourceTree = "<group>";
		};
/* End PBXGroup section */

/* Begin PBXNativeTarget section */
		06C756132AB88B3D005377BF /* blogger2.0 */ = {
			isa = PBXNativeTarget;
			buildConfigurationList = 06C756282AB88B41005377BF /* Build configuration list for PBXNativeTarget "blogger2.0" */;
			buildPhases = (
				9BFFB7C26734BA3802A38BAA /* [CP] Check Pods Manifest.lock */,
				06C756102AB88B3D005377BF /* Sources */,
				06C756112AB88B3D005377BF /* Frameworks */,
				06C756122AB88B3D005377BF /* Resources */,
				B4CB41323EE1272C77FD6200 /* [CP] Embed Pods Frameworks */,
			);
			buildRules = (
			);
			dependencies = (
			);
			name = blogger2.0;
			productName = blogger2.0;
			productReference = 06C756142AB88B3D005377BF /* blogger2.0.app */;
			productType = "com.apple.product-type.application";
		};
/* End PBXNativeTarget section */

/* Begin PBXProject section */
		06C7560C2AB88B3D005377BF /* Project object */ = {
			isa = PBXProject;
			attributes = {
				BuildIndependentTargetsInParallel = 1;
				LastSwiftUpdateCheck = 1430;
				LastUpgradeCheck = 1500;
				TargetAttributes = {
					06C756132AB88B3D005377BF = {
						CreatedOnToolsVersion = 14.3.1;
					};
				};
			};
			buildConfigurationList = 06C7560F2AB88B3D005377BF /* Build configuration list for PBXProject "blogger2.0" */;
			compatibilityVersion = "Xcode 14.0";
			developmentRegion = en;
			hasScannedForEncodings = 0;
			knownRegions = (
				en,
				Base,
			);
			mainGroup = 06C7560B2AB88B3D005377BF;
			productRefGroup = 06C756152AB88B3D005377BF /* Products */;
			projectDirPath = "";
			projectRoot = "";
			targets = (
				06C756132AB88B3D005377BF /* blogger2.0 */,
			);
		};
/* End PBXProject section */

/* Begin PBXResourcesBuildPhase section */
		06C756122AB88B3D005377BF /* Resources */ = {
			isa = PBXResourcesBuildPhase;
			buildActionMask = 2147483647;
			files = (
				06C756242AB88B41005377BF /* LaunchScreen.storyboard in Resources */,
				06C756212AB88B41005377BF /* Assets.xcassets in Resources */,
				06C7561F2AB88B3D005377BF /* Main.storyboard in Resources */,
			);
			runOnlyForDeploymentPostprocessing = 0;
		};
/* End PBXResourcesBuildPhase section */

/* Begin PBXShellScriptBuildPhase section */
		9BFFB7C26734BA3802A38BAA /* [CP] Check Pods Manifest.lock */ = {
			isa = PBXShellScriptBuildPhase;
			buildActionMask = 2147483647;
			files = (
			);
			inputFileListPaths = (
			);
			inputPaths = (
				"${PODS_PODFILE_DIR_PATH}/Podfile.lock",
				"${PODS_ROOT}/Manifest.lock",
			);
			name = "[CP] Check Pods Manifest.lock";
			outputFileListPaths = (
			);
			outputPaths = (
				"$(DERIVED_FILE_DIR)/Pods-blogger2.0-checkManifestLockResult.txt",
			);
			runOnlyForDeploymentPostprocessing = 0;
			shellPath = /bin/sh;
			shellScript = "diff \"${PODS_PODFILE_DIR_PATH}/Podfile.lock\" \"${PODS_ROOT}/Manifest.lock\" > /dev/null\nif [ $? != 0 ] ; then\n    # print error to STDERR\n    echo \"error: The sandbox is not in sync with the Podfile.lock. Run 'pod install' or update your CocoaPods installation.\" >&2\n    exit 1\nfi\n# This output is used by Xcode 'outputs' to avoid re-running this script phase.\necho \"SUCCESS\" > \"${SCRIPT_OUTPUT_FILE_0}\"\n";
			showEnvVarsInLog = 0;
		};
		B4CB41323EE1272C77FD6200 /* [CP] Embed Pods Frameworks */ = {
			isa = PBXShellScriptBuildPhase;
			buildActionMask = 2147483647;
			files = (
			);
			inputFileListPaths = (
				"${PODS_ROOT}/Target Support Files/Pods-blogger2.0/Pods-blogger2.0-frameworks-${CONFIGURATION}-input-files.xcfilelist",
			);
			name = "[CP] Embed Pods Frameworks";
			outputFileListPaths = (
				"${PODS_ROOT}/Target Support Files/Pods-blogger2.0/Pods-blogger2.0-frameworks-${CONFIGURATION}-output-files.xcfilelist",
			);
			runOnlyForDeploymentPostprocessing = 0;
			shellPath = /bin/sh;
			shellScript = "\"${PODS_ROOT}/Target Support Files/Pods-blogger2.0/Pods-blogger2.0-frameworks.sh\"\n";
			showEnvVarsInLog = 0;
		};
/* End PBXShellScriptBuildPhase section */

/* Begin PBXSourcesBuildPhase section */
		06C756102AB88B3D005377BF /* Sources */ = {
			isa = PBXSourcesBuildPhase;
			buildActionMask = 2147483647;
			files = (
				06C756182AB88B3D005377BF /* AppDelegate.swift in Sources */,
				06C756382AB89B84005377BF /* CreateBlogViewController.swift in Sources */,
				06C756322AB89B4D005377BF /* Blog.swift in Sources */,
				061053E62AC856BE005E4679 /* EndPointEnum.swift in Sources */,
				06C7562F2AB89B3A005377BF /* APIService.swift in Sources */,
				06C7563E2AB89BC4005377BF /* CreateBlogViewController+TextField.swift in Sources */,
				06C7561A2AB88B3D005377BF /* SceneDelegate.swift in Sources */,
				06BB7AA72AB91F9A003C13FF /* BlogTableViewCell.swift in Sources */,
				06C756352AB89B72005377BF /* HomeViewController.swift in Sources */,
				06BB7AAB2AB9C9D3003C13FF /* UIViewControllerExtension.swift in Sources */,
				064F7F832ABBC23100534689 /* HomeViewController+Router.swift in Sources */,
				06C7563B2AB89BA4005377BF /* HomeViewController+TableView.swift in Sources */,
			);
			runOnlyForDeploymentPostprocessing = 0;
		};
/* End PBXSourcesBuildPhase section */

/* Begin PBXVariantGroup section */
		06C7561D2AB88B3D005377BF /* Main.storyboard */ = {
			isa = PBXVariantGroup;
			children = (
				06C7561E2AB88B3D005377BF /* Base */,
			);
			name = Main.storyboard;
			sourceTree = "<group>";
		};
		06C756222AB88B41005377BF /* LaunchScreen.storyboard */ = {
			isa = PBXVariantGroup;
			children = (
				06C756232AB88B41005377BF /* Base */,
			);
			name = LaunchScreen.storyboard;
			sourceTree = "<group>";
		};
/* End PBXVariantGroup section */

/* Begin XCBuildConfiguration section */
		06C756262AB88B41005377BF /* Debug */ = {
			isa = XCBuildConfiguration;
			buildSettings = {
				ALWAYS_SEARCH_USER_PATHS = NO;
				CLANG_ANALYZER_NONNULL = YES;
				CLANG_ANALYZER_NUMBER_OBJECT_CONVERSION = YES_AGGRESSIVE;
				CLANG_CXX_LANGUAGE_STANDARD = "gnu++20";
				CLANG_ENABLE_MODULES = YES;
				CLANG_ENABLE_OBJC_ARC = YES;
				CLANG_ENABLE_OBJC_WEAK = YES;
				CLANG_WARN_BLOCK_CAPTURE_AUTORELEASING = YES;
				CLANG_WARN_BOOL_CONVERSION = YES;
				CLANG_WARN_COMMA = YES;
				CLANG_WARN_CONSTANT_CONVERSION = YES;
				CLANG_WARN_DEPRECATED_OBJC_IMPLEMENTATIONS = YES;
				CLANG_WARN_DIRECT_OBJC_ISA_USAGE = YES_ERROR;
				CLANG_WARN_DOCUMENTATION_COMMENTS = YES;
				CLANG_WARN_EMPTY_BODY = YES;
				CLANG_WARN_ENUM_CONVERSION = YES;
				CLANG_WARN_INFINITE_RECURSION = YES;
				CLANG_WARN_INT_CONVERSION = YES;
				CLANG_WARN_NON_LITERAL_NULL_CONVERSION = YES;
				CLANG_WARN_OBJC_IMPLICIT_RETAIN_SELF = YES;
				CLANG_WARN_OBJC_LITERAL_CONVERSION = YES;
				CLANG_WARN_OBJC_ROOT_CLASS = YES_ERROR;
				CLANG_WARN_QUOTED_INCLUDE_IN_FRAMEWORK_HEADER = YES;
				CLANG_WARN_RANGE_LOOP_ANALYSIS = YES;
				CLANG_WARN_STRICT_PROTOTYPES = YES;
				CLANG_WARN_SUSPICIOUS_MOVE = YES;
				CLANG_WARN_UNGUARDED_AVAILABILITY = YES_AGGRESSIVE;
				CLANG_WARN_UNREACHABLE_CODE = YES;
				CLANG_WARN__DUPLICATE_METHOD_MATCH = YES;
				COPY_PHASE_STRIP = NO;
				DEBUG_INFORMATION_FORMAT = dwarf;
				ENABLE_STRICT_OBJC_MSGSEND = YES;
				ENABLE_TESTABILITY = YES;
				ENABLE_USER_SCRIPT_SANDBOXING = NO;
				GCC_C_LANGUAGE_STANDARD = gnu11;
				GCC_DYNAMIC_NO_PIC = NO;
				GCC_NO_COMMON_BLOCKS = YES;
				GCC_OPTIMIZATION_LEVEL = 0;
				GCC_PREPROCESSOR_DEFINITIONS = (
					"DEBUG=1",
					"$(inherited)",
				);
				GCC_WARN_64_TO_32_BIT_CONVERSION = YES;
				GCC_WARN_ABOUT_RETURN_TYPE = YES_ERROR;
				GCC_WARN_UNDECLARED_SELECTOR = YES;
				GCC_WARN_UNINITIALIZED_AUTOS = YES_AGGRESSIVE;
				GCC_WARN_UNUSED_FUNCTION = YES;
				GCC_WARN_UNUSED_VARIABLE = YES;
				IPHONEOS_DEPLOYMENT_TARGET = 16.4;
				MTL_ENABLE_DEBUG_INFO = INCLUDE_SOURCE;
				MTL_FAST_MATH = YES;
				ONLY_ACTIVE_ARCH = YES;
				SDKROOT = iphoneos;
				SWIFT_ACTIVE_COMPILATION_CONDITIONS = DEBUG;
				SWIFT_OPTIMIZATION_LEVEL = "-Onone";
			};
			name = Debug;
		};
		06C756272AB88B41005377BF /* Release */ = {
			isa = XCBuildConfiguration;
			buildSettings = {
				ALWAYS_SEARCH_USER_PATHS = NO;
				CLANG_ANALYZER_NONNULL = YES;
				CLANG_ANALYZER_NUMBER_OBJECT_CONVERSION = YES_AGGRESSIVE;
				CLANG_CXX_LANGUAGE_STANDARD = "gnu++20";
				CLANG_ENABLE_MODULES = YES;
				CLANG_ENABLE_OBJC_ARC = YES;
				CLANG_ENABLE_OBJC_WEAK = YES;
				CLANG_WARN_BLOCK_CAPTURE_AUTORELEASING = YES;
				CLANG_WARN_BOOL_CONVERSION = YES;
				CLANG_WARN_COMMA = YES;
				CLANG_WARN_CONSTANT_CONVERSION = YES;
				CLANG_WARN_DEPRECATED_OBJC_IMPLEMENTATIONS = YES;
				CLANG_WARN_DIRECT_OBJC_ISA_USAGE = YES_ERROR;
				CLANG_WARN_DOCUMENTATION_COMMENTS = YES;
				CLANG_WARN_EMPTY_BODY = YES;
				CLANG_WARN_ENUM_CONVERSION = YES;
				CLANG_WARN_INFINITE_RECURSION = YES;
				CLANG_WARN_INT_CONVERSION = YES;
				CLANG_WARN_NON_LITERAL_NULL_CONVERSION = YES;
				CLANG_WARN_OBJC_IMPLICIT_RETAIN_SELF = YES;
				CLANG_WARN_OBJC_LITERAL_CONVERSION = YES;
				CLANG_WARN_OBJC_ROOT_CLASS = YES_ERROR;
				CLANG_WARN_QUOTED_INCLUDE_IN_FRAMEWORK_HEADER = YES;
				CLANG_WARN_RANGE_LOOP_ANALYSIS = YES;
				CLANG_WARN_STRICT_PROTOTYPES = YES;
				CLANG_WARN_SUSPICIOUS_MOVE = YES;
				CLANG_WARN_UNGUARDED_AVAILABILITY = YES_AGGRESSIVE;
				CLANG_WARN_UNREACHABLE_CODE = YES;
				CLANG_WARN__DUPLICATE_METHOD_MATCH = YES;
				COPY_PHASE_STRIP = NO;
				DEBUG_INFORMATION_FORMAT = "dwarf-with-dsym";
				ENABLE_NS_ASSERTIONS = NO;
				ENABLE_STRICT_OBJC_MSGSEND = YES;
				ENABLE_USER_SCRIPT_SANDBOXING = NO;
				GCC_C_LANGUAGE_STANDARD = gnu11;
				GCC_NO_COMMON_BLOCKS = YES;
				GCC_WARN_64_TO_32_BIT_CONVERSION = YES;
				GCC_WARN_ABOUT_RETURN_TYPE = YES_ERROR;
				GCC_WARN_UNDECLARED_SELECTOR = YES;
				GCC_WARN_UNINITIALIZED_AUTOS = YES_AGGRESSIVE;
				GCC_WARN_UNUSED_FUNCTION = YES;
				GCC_WARN_UNUSED_VARIABLE = YES;
				IPHONEOS_DEPLOYMENT_TARGET = 16.4;
				MTL_ENABLE_DEBUG_INFO = NO;
				MTL_FAST_MATH = YES;
				SDKROOT = iphoneos;
				SWIFT_COMPILATION_MODE = wholemodule;
				SWIFT_OPTIMIZATION_LEVEL = "-O";
				VALIDATE_PRODUCT = YES;
			};
			name = Release;
		};
		06C756292AB88B41005377BF /* Debug */ = {
			isa = XCBuildConfiguration;
			baseConfigurationReference = 512478D4AC2408235ABEA909 /* Pods-blogger2.0.debug.xcconfig */;
			buildSettings = {
				ASSETCATALOG_COMPILER_APPICON_NAME = AppIcon;
				ASSETCATALOG_COMPILER_GLOBAL_ACCENT_COLOR_NAME = AccentColor;
				CODE_SIGN_STYLE = Automatic;
				CURRENT_PROJECT_VERSION = 1;
				DEVELOPMENT_TEAM = TBSLHJAF4T;
				GENERATE_INFOPLIST_FILE = YES;
				INFOPLIST_FILE = blogger2.0/Info.plist;
				INFOPLIST_KEY_UIApplicationSupportsIndirectInputEvents = YES;
				INFOPLIST_KEY_UILaunchStoryboardName = LaunchScreen;
				INFOPLIST_KEY_UIMainStoryboardFile = Main;
				INFOPLIST_KEY_UISupportedInterfaceOrientations_iPad = "UIInterfaceOrientationPortrait UIInterfaceOrientationPortraitUpsideDown UIInterfaceOrientationLandscapeLeft UIInterfaceOrientationLandscapeRight";
				INFOPLIST_KEY_UISupportedInterfaceOrientations_iPhone = "UIInterfaceOrientationPortrait UIInterfaceOrientationLandscapeLeft UIInterfaceOrientationLandscapeRight";
				LD_RUNPATH_SEARCH_PATHS = (
					"$(inherited)",
					"@executable_path/Frameworks",
				);
				MARKETING_VERSION = 1.0;
				PRODUCT_BUNDLE_IDENTIFIER = "com.tps.blogger2-0";
				PRODUCT_NAME = "$(TARGET_NAME)";
				SWIFT_EMIT_LOC_STRINGS = YES;
				SWIFT_VERSION = 5.0;
				TARGETED_DEVICE_FAMILY = "1,2";
			};
			name = Debug;
		};
		06C7562A2AB88B41005377BF /* Release */ = {
			isa = XCBuildConfiguration;
			baseConfigurationReference = 4209A4578255835353C7B725 /* Pods-blogger2.0.release.xcconfig */;
			buildSettings = {
				ASSETCATALOG_COMPILER_APPICON_NAME = AppIcon;
				ASSETCATALOG_COMPILER_GLOBAL_ACCENT_COLOR_NAME = AccentColor;
				CODE_SIGN_STYLE = Automatic;
				CURRENT_PROJECT_VERSION = 1;
				DEVELOPMENT_TEAM = TBSLHJAF4T;
				GENERATE_INFOPLIST_FILE = YES;
				INFOPLIST_FILE = blogger2.0/Info.plist;
				INFOPLIST_KEY_UIApplicationSupportsIndirectInputEvents = YES;
				INFOPLIST_KEY_UILaunchStoryboardName = LaunchScreen;
				INFOPLIST_KEY_UIMainStoryboardFile = Main;
				INFOPLIST_KEY_UISupportedInterfaceOrientations_iPad = "UIInterfaceOrientationPortrait UIInterfaceOrientationPortraitUpsideDown UIInterfaceOrientationLandscapeLeft UIInterfaceOrientationLandscapeRight";
				INFOPLIST_KEY_UISupportedInterfaceOrientations_iPhone = "UIInterfaceOrientationPortrait UIInterfaceOrientationLandscapeLeft UIInterfaceOrientationLandscapeRight";
				LD_RUNPATH_SEARCH_PATHS = (
					"$(inherited)",
					"@executable_path/Frameworks",
				);
				MARKETING_VERSION = 1.0;
				PRODUCT_BUNDLE_IDENTIFIER = "com.tps.blogger2-0";
				PRODUCT_NAME = "$(TARGET_NAME)";
				SWIFT_EMIT_LOC_STRINGS = YES;
				SWIFT_VERSION = 5.0;
				TARGETED_DEVICE_FAMILY = "1,2";
			};
			name = Release;
		};
/* End XCBuildConfiguration section */

/* Begin XCConfigurationList section */
		06C7560F2AB88B3D005377BF /* Build configuration list for PBXProject "blogger2.0" */ = {
			isa = XCConfigurationList;
			buildConfigurations = (
				06C756262AB88B41005377BF /* Debug */,
				06C756272AB88B41005377BF /* Release */,
			);
			defaultConfigurationIsVisible = 0;
			defaultConfigurationName = Release;
		};
		06C756282AB88B41005377BF /* Build configuration list for PBXNativeTarget "blogger2.0" */ = {
			isa = XCConfigurationList;
			buildConfigurations = (
				06C756292AB88B41005377BF /* Debug */,
				06C7562A2AB88B41005377BF /* Release */,
			);
			defaultConfigurationIsVisible = 0;
			defaultConfigurationName = Release;
		};
/* End XCConfigurationList section */
	};
	rootObject = 06C7560C2AB88B3D005377BF /* Project object */;
}
